// !$*UTF8*$!
{
	archiveVersion = 1;
	classes = {
	};
	objectVersion = 56;
	objects = {

/* Begin PBXBuildFile section */
		F54954862C526AC50082EE64 /* NavBarController.swift in Sources */ = {isa = PBXBuildFile; fileRef = F54954852C526AC50082EE64 /* NavBarController.swift */; };
		F549548A2C526D330082EE64 /* BaseController.swift in Sources */ = {isa = PBXBuildFile; fileRef = F54954892C526D330082EE64 /* BaseController.swift */; };
		F549548C2C526E580082EE64 /* OverviewController.swift in Sources */ = {isa = PBXBuildFile; fileRef = F549548B2C526E580082EE64 /* OverviewController.swift */; };
		F549548E2C526FA80082EE64 /* UIView+Ext.swift in Sources */ = {isa = PBXBuildFile; fileRef = F549548D2C526FA80082EE64 /* UIView+Ext.swift */; };
		F54954972C5274A70082EE64 /* SessionViewController.swift in Sources */ = {isa = PBXBuildFile; fileRef = F54954962C5274A70082EE64 /* SessionViewController.swift */; };
		F54954992C5274B40082EE64 /* ProgressViewController.swift in Sources */ = {isa = PBXBuildFile; fileRef = F54954982C5274B40082EE64 /* ProgressViewController.swift */; };
		F549549B2C5274BE0082EE64 /* SettignsViewController.swift in Sources */ = {isa = PBXBuildFile; fileRef = F549549A2C5274BE0082EE64 /* SettignsViewController.swift */; };
		F54A3B082C512CF000BFAAF5 /* AppDelegate.swift in Sources */ = {isa = PBXBuildFile; fileRef = F54A3B072C512CF000BFAAF5 /* AppDelegate.swift */; };
		F54A3B0A2C512CF000BFAAF5 /* SceneDelegate.swift in Sources */ = {isa = PBXBuildFile; fileRef = F54A3B092C512CF000BFAAF5 /* SceneDelegate.swift */; };
		F54A3B112C512CF200BFAAF5 /* Assets.xcassets in Resources */ = {isa = PBXBuildFile; fileRef = F54A3B102C512CF200BFAAF5 /* Assets.xcassets */; };
		F54A3B142C512CF200BFAAF5 /* Base in Resources */ = {isa = PBXBuildFile; fileRef = F54A3B132C512CF200BFAAF5 /* Base */; };
		F54A3B1E2C512F6500BFAAF5 /* TabBarController.swift in Sources */ = {isa = PBXBuildFile; fileRef = F54A3B1D2C512F6500BFAAF5 /* TabBarController.swift */; };
		F54A3B212C512FE300BFAAF5 /* UIColor+Ext.swift in Sources */ = {isa = PBXBuildFile; fileRef = F54A3B202C512FE300BFAAF5 /* UIColor+Ext.swift */; };
		F54A3B242C5130B100BFAAF5 /* Resources.swift in Sources */ = {isa = PBXBuildFile; fileRef = F54A3B232C5130B100BFAAF5 /* Resources.swift */; };
		F58D6A6D2C5518BA00CF1B11 /* WeekView.swift in Sources */ = {isa = PBXBuildFile; fileRef = F58D6A6C2C5518BA00CF1B11 /* WeekView.swift */; };
		F58D6A6F2C551AEC00CF1B11 /* WeekdayView.swift in Sources */ = {isa = PBXBuildFile; fileRef = F58D6A6E2C551AEC00CF1B11 /* WeekdayView.swift */; };
		F58D6A712C551EE800CF1B11 /* Date+Ext.swift in Sources */ = {isa = PBXBuildFile; fileRef = F58D6A702C551EE800CF1B11 /* Date+Ext.swift */; };
		F58D6A732C553F1600CF1B11 /* BaseInfoView.swift in Sources */ = {isa = PBXBuildFile; fileRef = F58D6A722C553F1600CF1B11 /* BaseInfoView.swift */; };
		F5E29E462C53AE65005D84F0 /* SecondaryButton.swift in Sources */ = {isa = PBXBuildFile; fileRef = F5E29E452C53AE65005D84F0 /* SecondaryButton.swift */; };
		F5E29E482C53B8AC005D84F0 /* OverViewNavBar.swift in Sources */ = {isa = PBXBuildFile; fileRef = F5E29E472C53B8AC005D84F0 /* OverViewNavBar.swift */; };
		F5E29E4A2C53B8E0005D84F0 /* BaseView.swift in Sources */ = {isa = PBXBuildFile; fileRef = F5E29E492C53B8E0005D84F0 /* BaseView.swift */; };
/* End PBXBuildFile section */

/* Begin PBXFileReference section */
		F54954852C526AC50082EE64 /* NavBarController.swift */ = {isa = PBXFileReference; lastKnownFileType = sourcecode.swift; path = NavBarController.swift; sourceTree = "<group>"; };
		F54954892C526D330082EE64 /* BaseController.swift */ = {isa = PBXFileReference; lastKnownFileType = sourcecode.swift; path = BaseController.swift; sourceTree = "<group>"; };
		F549548B2C526E580082EE64 /* OverviewController.swift */ = {isa = PBXFileReference; lastKnownFileType = sourcecode.swift; path = OverviewController.swift; sourceTree = "<group>"; };
		F549548D2C526FA80082EE64 /* UIView+Ext.swift */ = {isa = PBXFileReference; lastKnownFileType = sourcecode.swift; path = "UIView+Ext.swift"; sourceTree = "<group>"; };
		F54954962C5274A70082EE64 /* SessionViewController.swift */ = {isa = PBXFileReference; lastKnownFileType = sourcecode.swift; path = SessionViewController.swift; sourceTree = "<group>"; };
		F54954982C5274B40082EE64 /* ProgressViewController.swift */ = {isa = PBXFileReference; lastKnownFileType = sourcecode.swift; path = ProgressViewController.swift; sourceTree = "<group>"; };
		F549549A2C5274BE0082EE64 /* SettignsViewController.swift */ = {isa = PBXFileReference; lastKnownFileType = sourcecode.swift; path = SettignsViewController.swift; sourceTree = "<group>"; };
		F54A3B042C512CF000BFAAF5 /* EgzersizRehberim.app */ = {isa = PBXFileReference; explicitFileType = wrapper.application; includeInIndex = 0; path = EgzersizRehberim.app; sourceTree = BUILT_PRODUCTS_DIR; };
		F54A3B072C512CF000BFAAF5 /* AppDelegate.swift */ = {isa = PBXFileReference; lastKnownFileType = sourcecode.swift; path = AppDelegate.swift; sourceTree = "<group>"; };
		F54A3B092C512CF000BFAAF5 /* SceneDelegate.swift */ = {isa = PBXFileReference; lastKnownFileType = sourcecode.swift; path = SceneDelegate.swift; sourceTree = "<group>"; };
		F54A3B102C512CF200BFAAF5 /* Assets.xcassets */ = {isa = PBXFileReference; lastKnownFileType = folder.assetcatalog; path = Assets.xcassets; sourceTree = "<group>"; };
		F54A3B132C512CF200BFAAF5 /* Base */ = {isa = PBXFileReference; lastKnownFileType = file.storyboard; name = Base; path = Base.lproj/LaunchScreen.storyboard; sourceTree = "<group>"; };
		F54A3B152C512CF200BFAAF5 /* Info.plist */ = {isa = PBXFileReference; lastKnownFileType = text.plist.xml; path = Info.plist; sourceTree = "<group>"; };
		F54A3B1D2C512F6500BFAAF5 /* TabBarController.swift */ = {isa = PBXFileReference; lastKnownFileType = sourcecode.swift; path = TabBarController.swift; sourceTree = "<group>"; };
		F54A3B202C512FE300BFAAF5 /* UIColor+Ext.swift */ = {isa = PBXFileReference; lastKnownFileType = sourcecode.swift; path = "UIColor+Ext.swift"; sourceTree = "<group>"; };
		F54A3B232C5130B100BFAAF5 /* Resources.swift */ = {isa = PBXFileReference; lastKnownFileType = sourcecode.swift; path = Resources.swift; sourceTree = "<group>"; };
		F58D6A6C2C5518BA00CF1B11 /* WeekView.swift */ = {isa = PBXFileReference; lastKnownFileType = sourcecode.swift; path = WeekView.swift; sourceTree = "<group>"; };
		F58D6A6E2C551AEC00CF1B11 /* WeekdayView.swift */ = {isa = PBXFileReference; lastKnownFileType = sourcecode.swift; path = WeekdayView.swift; sourceTree = "<group>"; };
		F58D6A702C551EE800CF1B11 /* Date+Ext.swift */ = {isa = PBXFileReference; lastKnownFileType = sourcecode.swift; path = "Date+Ext.swift"; sourceTree = "<group>"; };
		F58D6A722C553F1600CF1B11 /* BaseInfoView.swift */ = {isa = PBXFileReference; lastKnownFileType = sourcecode.swift; path = BaseInfoView.swift; sourceTree = "<group>"; };
		F5E29E452C53AE65005D84F0 /* SecondaryButton.swift */ = {isa = PBXFileReference; lastKnownFileType = sourcecode.swift; path = SecondaryButton.swift; sourceTree = "<group>"; };
		F5E29E472C53B8AC005D84F0 /* OverViewNavBar.swift */ = {isa = PBXFileReference; lastKnownFileType = sourcecode.swift; path = OverViewNavBar.swift; sourceTree = "<group>"; };
		F5E29E492C53B8E0005D84F0 /* BaseView.swift */ = {isa = PBXFileReference; lastKnownFileType = sourcecode.swift; path = BaseView.swift; sourceTree = "<group>"; };
/* End PBXFileReference section */

/* Begin PBXFrameworksBuildPhase section */
		F54A3B012C512CF000BFAAF5 /* Frameworks */ = {
			isa = PBXFrameworksBuildPhase;
			buildActionMask = 2147483647;
			files = (
			);
			runOnlyForDeploymentPostprocessing = 0;
		};
/* End PBXFrameworksBuildPhase section */

/* Begin PBXGroup section */
		F54954882C526C9E0082EE64 /* Controllers */ = {
			isa = PBXGroup;
			children = (
				F54954952C52747D0082EE64 /* Settigns */,
				F54954942C5274760082EE64 /* Progress */,
				F54954932C5274720082EE64 /* Session */,
				F54954922C52746C0082EE64 /* Overview */,
				F54954912C52744D0082EE64 /* Base */,
			);
			path = Controllers;
			sourceTree = "<group>";
		};
		F54954912C52744D0082EE64 /* Base */ = {
			isa = PBXGroup;
			children = (
				F54A3B1D2C512F6500BFAAF5 /* TabBarController.swift */,
				F54954852C526AC50082EE64 /* NavBarController.swift */,
				F54954892C526D330082EE64 /* BaseController.swift */,
				F5E29E492C53B8E0005D84F0 /* BaseView.swift */,
				F58D6A722C553F1600CF1B11 /* BaseInfoView.swift */,
			);
			path = Base;
			sourceTree = "<group>";
		};
		F54954922C52746C0082EE64 /* Overview */ = {
			isa = PBXGroup;
			children = (
				F5E29E442C53AE47005D84F0 /* Views */,
				F549548B2C526E580082EE64 /* OverviewController.swift */,
			);
			path = Overview;
			sourceTree = "<group>";
		};
		F54954932C5274720082EE64 /* Session */ = {
			isa = PBXGroup;
			children = (
				F54954962C5274A70082EE64 /* SessionViewController.swift */,
			);
			path = Session;
			sourceTree = "<group>";
		};
		F54954942C5274760082EE64 /* Progress */ = {
			isa = PBXGroup;
			children = (
				F54954982C5274B40082EE64 /* ProgressViewController.swift */,
			);
			path = Progress;
			sourceTree = "<group>";
		};
		F54954952C52747D0082EE64 /* Settigns */ = {
			isa = PBXGroup;
			children = (
				F549549A2C5274BE0082EE64 /* SettignsViewController.swift */,
			);
			path = Settigns;
			sourceTree = "<group>";
		};
		F54A3AFB2C512CF000BFAAF5 = {
			isa = PBXGroup;
			children = (
				F54A3B062C512CF000BFAAF5 /* EgzersizRehberim */,
				F54A3B052C512CF000BFAAF5 /* Products */,
			);
			sourceTree = "<group>";
		};
		F54A3B052C512CF000BFAAF5 /* Products */ = {
			isa = PBXGroup;
			children = (
				F54A3B042C512CF000BFAAF5 /* EgzersizRehberim.app */,
			);
			name = Products;
			sourceTree = "<group>";
		};
		F54A3B062C512CF000BFAAF5 /* EgzersizRehberim */ = {
			isa = PBXGroup;
			children = (
				F54A3B1F2C512FD500BFAAF5 /* Helpers */,
				F54A3B1B2C512DCF00BFAAF5 /* Application */,
				F54A3B1C2C512DEF00BFAAF5 /* SupportingFiles */,
				F54954882C526C9E0082EE64 /* Controllers */,
			);
			path = EgzersizRehberim;
			sourceTree = "<group>";
		};
		F54A3B1B2C512DCF00BFAAF5 /* Application */ = {
			isa = PBXGroup;
			children = (
				F54A3B072C512CF000BFAAF5 /* AppDelegate.swift */,
				F54A3B092C512CF000BFAAF5 /* SceneDelegate.swift */,
			);
			path = Application;
			sourceTree = "<group>";
		};
		F54A3B1C2C512DEF00BFAAF5 /* SupportingFiles */ = {
			isa = PBXGroup;
			children = (
				F54A3B102C512CF200BFAAF5 /* Assets.xcassets */,
				F54A3B122C512CF200BFAAF5 /* LaunchScreen.storyboard */,
				F54A3B152C512CF200BFAAF5 /* Info.plist */,
			);
			path = SupportingFiles;
			sourceTree = "<group>";
		};
		F54A3B1F2C512FD500BFAAF5 /* Helpers */ = {
			isa = PBXGroup;
			children = (
				F54A3B222C512FF200BFAAF5 /* Extensions */,
				F54A3B232C5130B100BFAAF5 /* Resources.swift */,
			);
			path = Helpers;
			sourceTree = "<group>";
		};
		F54A3B222C512FF200BFAAF5 /* Extensions */ = {
			isa = PBXGroup;
			children = (
				F54A3B202C512FE300BFAAF5 /* UIColor+Ext.swift */,
				F549548D2C526FA80082EE64 /* UIView+Ext.swift */,
				F58D6A702C551EE800CF1B11 /* Date+Ext.swift */,
			);
			path = Extensions;
			sourceTree = "<group>";
		};
		F58D6A6B2C5518AA00CF1B11 /* WeekView */ = {
			isa = PBXGroup;
			children = (
				F58D6A6C2C5518BA00CF1B11 /* WeekView.swift */,
				F58D6A6E2C551AEC00CF1B11 /* WeekdayView.swift */,
			);
			path = WeekView;
			sourceTree = "<group>";
		};
		F5E29E442C53AE47005D84F0 /* Views */ = {
			isa = PBXGroup;
			children = (
				F58D6A6B2C5518AA00CF1B11 /* WeekView */,
				F5E29E452C53AE65005D84F0 /* SecondaryButton.swift */,
				F5E29E472C53B8AC005D84F0 /* OverViewNavBar.swift */,
			);
			path = Views;
			sourceTree = "<group>";
		};
/* End PBXGroup section */

/* Begin PBXNativeTarget section */
		F54A3B032C512CF000BFAAF5 /* EgzersizRehberim */ = {
			isa = PBXNativeTarget;
			buildConfigurationList = F54A3B182C512CF200BFAAF5 /* Build configuration list for PBXNativeTarget "EgzersizRehberim" */;
			buildPhases = (
				F54A3B002C512CF000BFAAF5 /* Sources */,
				F54A3B012C512CF000BFAAF5 /* Frameworks */,
				F54A3B022C512CF000BFAAF5 /* Resources */,
			);
			buildRules = (
			);
			dependencies = (
			);
			name = EgzersizRehberim;
			productName = EgzersizRehberim;
			productReference = F54A3B042C512CF000BFAAF5 /* EgzersizRehberim.app */;
			productType = "com.apple.product-type.application";
		};
/* End PBXNativeTarget section */

/* Begin PBXProject section */
		F54A3AFC2C512CF000BFAAF5 /* Project object */ = {
			isa = PBXProject;
			attributes = {
				BuildIndependentTargetsInParallel = 1;
				LastSwiftUpdateCheck = 1540;
				LastUpgradeCheck = 1540;
				TargetAttributes = {
					F54A3B032C512CF000BFAAF5 = {
						CreatedOnToolsVersion = 15.4;
					};
				};
			};
			buildConfigurationList = F54A3AFF2C512CF000BFAAF5 /* Build configuration list for PBXProject "EgzersizRehberim" */;
			compatibilityVersion = "Xcode 14.0";
			developmentRegion = en;
			hasScannedForEncodings = 0;
			knownRegions = (
				en,
				Base,
			);
			mainGroup = F54A3AFB2C512CF000BFAAF5;
			productRefGroup = F54A3B052C512CF000BFAAF5 /* Products */;
			projectDirPath = "";
			projectRoot = "";
			targets = (
				F54A3B032C512CF000BFAAF5 /* EgzersizRehberim */,
			);
		};
/* End PBXProject section */

/* Begin PBXResourcesBuildPhase section */
		F54A3B022C512CF000BFAAF5 /* Resources */ = {
			isa = PBXResourcesBuildPhase;
			buildActionMask = 2147483647;
			files = (
				F54A3B112C512CF200BFAAF5 /* Assets.xcassets in Resources */,
				F54A3B142C512CF200BFAAF5 /* Base in Resources */,
			);
			runOnlyForDeploymentPostprocessing = 0;
		};
/* End PBXResourcesBuildPhase section */

/* Begin PBXSourcesBuildPhase section */
		F54A3B002C512CF000BFAAF5 /* Sources */ = {
			isa = PBXSourcesBuildPhase;
			buildActionMask = 2147483647;
			files = (
				F58D6A6D2C5518BA00CF1B11 /* WeekView.swift in Sources */,
				F54A3B1E2C512F6500BFAAF5 /* TabBarController.swift in Sources */,
				F54954862C526AC50082EE64 /* NavBarController.swift in Sources */,
				F549548A2C526D330082EE64 /* BaseController.swift in Sources */,
				F549549B2C5274BE0082EE64 /* SettignsViewController.swift in Sources */,
				F54954992C5274B40082EE64 /* ProgressViewController.swift in Sources */,
				F54954972C5274A70082EE64 /* SessionViewController.swift in Sources */,
				F5E29E482C53B8AC005D84F0 /* OverViewNavBar.swift in Sources */,
				F5E29E462C53AE65005D84F0 /* SecondaryButton.swift in Sources */,
				F58D6A732C553F1600CF1B11 /* BaseInfoView.swift in Sources */,
				F58D6A712C551EE800CF1B11 /* Date+Ext.swift in Sources */,
				F54A3B212C512FE300BFAAF5 /* UIColor+Ext.swift in Sources */,
				F54A3B082C512CF000BFAAF5 /* AppDelegate.swift in Sources */,
				F549548E2C526FA80082EE64 /* UIView+Ext.swift in Sources */,
				F54A3B242C5130B100BFAAF5 /* Resources.swift in Sources */,
				F5E29E4A2C53B8E0005D84F0 /* BaseView.swift in Sources */,
				F58D6A6F2C551AEC00CF1B11 /* WeekdayView.swift in Sources */,
				F549548C2C526E580082EE64 /* OverviewController.swift in Sources */,
				F54A3B0A2C512CF000BFAAF5 /* SceneDelegate.swift in Sources */,
			);
			runOnlyForDeploymentPostprocessing = 0;
		};
/* End PBXSourcesBuildPhase section */

/* Begin PBXVariantGroup section */
		F54A3B122C512CF200BFAAF5 /* LaunchScreen.storyboard */ = {
			isa = PBXVariantGroup;
			children = (
				F54A3B132C512CF200BFAAF5 /* Base */,
			);
			name = LaunchScreen.storyboard;
			sourceTree = "<group>";
		};
/* End PBXVariantGroup section */

/* Begin XCBuildConfiguration section */
		F54A3B162C512CF200BFAAF5 /* Debug */ = {
			isa = XCBuildConfiguration;
			buildSettings = {
				ALWAYS_SEARCH_USER_PATHS = NO;
				ASSETCATALOG_COMPILER_GENERATE_SWIFT_ASSET_SYMBOL_EXTENSIONS = YES;
				CLANG_ANALYZER_NONNULL = YES;
				CLANG_ANALYZER_NUMBER_OBJECT_CONVERSION = YES_AGGRESSIVE;
				CLANG_CXX_LANGUAGE_STANDARD = "gnu++20";
				CLANG_ENABLE_MODULES = YES;
				CLANG_ENABLE_OBJC_ARC = YES;
				CLANG_ENABLE_OBJC_WEAK = YES;
				CLANG_WARN_BLOCK_CAPTURE_AUTORELEASING = YES;
				CLANG_WARN_BOOL_CONVERSION = YES;
				CLANG_WARN_COMMA = YES;
				CLANG_WARN_CONSTANT_CONVERSION = YES;
				CLANG_WARN_DEPRECATED_OBJC_IMPLEMENTATIONS = YES;
				CLANG_WARN_DIRECT_OBJC_ISA_USAGE = YES_ERROR;
				CLANG_WARN_DOCUMENTATION_COMMENTS = YES;
				CLANG_WARN_EMPTY_BODY = YES;
				CLANG_WARN_ENUM_CONVERSION = YES;
				CLANG_WARN_INFINITE_RECURSION = YES;
				CLANG_WARN_INT_CONVERSION = YES;
				CLANG_WARN_NON_LITERAL_NULL_CONVERSION = YES;
				CLANG_WARN_OBJC_IMPLICIT_RETAIN_SELF = YES;
				CLANG_WARN_OBJC_LITERAL_CONVERSION = YES;
				CLANG_WARN_OBJC_ROOT_CLASS = YES_ERROR;
				CLANG_WARN_QUOTED_INCLUDE_IN_FRAMEWORK_HEADER = YES;
				CLANG_WARN_RANGE_LOOP_ANALYSIS = YES;
				CLANG_WARN_STRICT_PROTOTYPES = YES;
				CLANG_WARN_SUSPICIOUS_MOVE = YES;
				CLANG_WARN_UNGUARDED_AVAILABILITY = YES_AGGRESSIVE;
				CLANG_WARN_UNREACHABLE_CODE = YES;
				CLANG_WARN__DUPLICATE_METHOD_MATCH = YES;
				COPY_PHASE_STRIP = NO;
				DEBUG_INFORMATION_FORMAT = dwarf;
				ENABLE_STRICT_OBJC_MSGSEND = YES;
				ENABLE_TESTABILITY = YES;
				ENABLE_USER_SCRIPT_SANDBOXING = YES;
				GCC_C_LANGUAGE_STANDARD = gnu17;
				GCC_DYNAMIC_NO_PIC = NO;
				GCC_NO_COMMON_BLOCKS = YES;
				GCC_OPTIMIZATION_LEVEL = 0;
				GCC_PREPROCESSOR_DEFINITIONS = (
					"DEBUG=1",
					"$(inherited)",
				);
				GCC_WARN_64_TO_32_BIT_CONVERSION = YES;
				GCC_WARN_ABOUT_RETURN_TYPE = YES_ERROR;
				GCC_WARN_UNDECLARED_SELECTOR = YES;
				GCC_WARN_UNINITIALIZED_AUTOS = YES_AGGRESSIVE;
				GCC_WARN_UNUSED_FUNCTION = YES;
				GCC_WARN_UNUSED_VARIABLE = YES;
				IPHONEOS_DEPLOYMENT_TARGET = 17.5;
				LOCALIZATION_PREFERS_STRING_CATALOGS = YES;
				MTL_ENABLE_DEBUG_INFO = INCLUDE_SOURCE;
				MTL_FAST_MATH = YES;
				ONLY_ACTIVE_ARCH = YES;
				SDKROOT = iphoneos;
				SWIFT_ACTIVE_COMPILATION_CONDITIONS = "DEBUG $(inherited)";
				SWIFT_OPTIMIZATION_LEVEL = "-Onone";
			};
			name = Debug;
		};
		F54A3B172C512CF200BFAAF5 /* Release */ = {
			isa = XCBuildConfiguration;
			buildSettings = {
				ALWAYS_SEARCH_USER_PATHS = NO;
				ASSETCATALOG_COMPILER_GENERATE_SWIFT_ASSET_SYMBOL_EXTENSIONS = YES;
				CLANG_ANALYZER_NONNULL = YES;
				CLANG_ANALYZER_NUMBER_OBJECT_CONVERSION = YES_AGGRESSIVE;
				CLANG_CXX_LANGUAGE_STANDARD = "gnu++20";
				CLANG_ENABLE_MODULES = YES;
				CLANG_ENABLE_OBJC_ARC = YES;
				CLANG_ENABLE_OBJC_WEAK = YES;
				CLANG_WARN_BLOCK_CAPTURE_AUTORELEASING = YES;
				CLANG_WARN_BOOL_CONVERSION = YES;
				CLANG_WARN_COMMA = YES;
				CLANG_WARN_CONSTANT_CONVERSION = YES;
				CLANG_WARN_DEPRECATED_OBJC_IMPLEMENTATIONS = YES;
				CLANG_WARN_DIRECT_OBJC_ISA_USAGE = YES_ERROR;
				CLANG_WARN_DOCUMENTATION_COMMENTS = YES;
				CLANG_WARN_EMPTY_BODY = YES;
				CLANG_WARN_ENUM_CONVERSION = YES;
				CLANG_WARN_INFINITE_RECURSION = YES;
				CLANG_WARN_INT_CONVERSION = YES;
				CLANG_WARN_NON_LITERAL_NULL_CONVERSION = YES;
				CLANG_WARN_OBJC_IMPLICIT_RETAIN_SELF = YES;
				CLANG_WARN_OBJC_LITERAL_CONVERSION = YES;
				CLANG_WARN_OBJC_ROOT_CLASS = YES_ERROR;
				CLANG_WARN_QUOTED_INCLUDE_IN_FRAMEWORK_HEADER = YES;
				CLANG_WARN_RANGE_LOOP_ANALYSIS = YES;
				CLANG_WARN_STRICT_PROTOTYPES = YES;
				CLANG_WARN_SUSPICIOUS_MOVE = YES;
				CLANG_WARN_UNGUARDED_AVAILABILITY = YES_AGGRESSIVE;
				CLANG_WARN_UNREACHABLE_CODE = YES;
				CLANG_WARN__DUPLICATE_METHOD_MATCH = YES;
				COPY_PHASE_STRIP = NO;
				DEBUG_INFORMATION_FORMAT = "dwarf-with-dsym";
				ENABLE_NS_ASSERTIONS = NO;
				ENABLE_STRICT_OBJC_MSGSEND = YES;
				ENABLE_USER_SCRIPT_SANDBOXING = YES;
				GCC_C_LANGUAGE_STANDARD = gnu17;
				GCC_NO_COMMON_BLOCKS = YES;
				GCC_WARN_64_TO_32_BIT_CONVERSION = YES;
				GCC_WARN_ABOUT_RETURN_TYPE = YES_ERROR;
				GCC_WARN_UNDECLARED_SELECTOR = YES;
				GCC_WARN_UNINITIALIZED_AUTOS = YES_AGGRESSIVE;
				GCC_WARN_UNUSED_FUNCTION = YES;
				GCC_WARN_UNUSED_VARIABLE = YES;
				IPHONEOS_DEPLOYMENT_TARGET = 17.5;
				LOCALIZATION_PREFERS_STRING_CATALOGS = YES;
				MTL_ENABLE_DEBUG_INFO = NO;
				MTL_FAST_MATH = YES;
				SDKROOT = iphoneos;
				SWIFT_COMPILATION_MODE = wholemodule;
				VALIDATE_PRODUCT = YES;
			};
			name = Release;
		};
		F54A3B192C512CF200BFAAF5 /* Debug */ = {
			isa = XCBuildConfiguration;
			buildSettings = {
				ASSETCATALOG_COMPILER_APPICON_NAME = AppIcon;
				ASSETCATALOG_COMPILER_GLOBAL_ACCENT_COLOR_NAME = AccentColor;
				CODE_SIGN_STYLE = Automatic;
				CURRENT_PROJECT_VERSION = 1;
				DEVELOPMENT_TEAM = T89868475G;
				GENERATE_INFOPLIST_FILE = YES;
				INFOPLIST_FILE = EgzersizRehberim/SupportingFiles/Info.plist;
				INFOPLIST_KEY_CFBundleDisplayName = "Egzersiz Rehberim";
				INFOPLIST_KEY_LSApplicationCategoryType = "public.app-category.healthcare-fitness";
				INFOPLIST_KEY_UIApplicationSupportsIndirectInputEvents = YES;
				INFOPLIST_KEY_UILaunchStoryboardName = LaunchScreen;
				INFOPLIST_KEY_UISupportedInterfaceOrientations = UIInterfaceOrientationPortrait;
				INFOPLIST_KEY_UISupportedInterfaceOrientations_iPad = "UIInterfaceOrientationLandscapeLeft UIInterfaceOrientationLandscapeRight UIInterfaceOrientationPortrait UIInterfaceOrientationPortraitUpsideDown";
				LD_RUNPATH_SEARCH_PATHS = (
					"$(inherited)",
					"@executable_path/Frameworks",
				);
				MARKETING_VERSION = 1.0;
				PRODUCT_BUNDLE_IDENTIFIER = com.abdullaharslan.EgzersizRehberim;
				PRODUCT_NAME = "$(TARGET_NAME)";
				SUPPORTED_PLATFORMS = "iphoneos iphonesimulator";
				SUPPORTS_MACCATALYST = NO;
				SUPPORTS_MAC_DESIGNED_FOR_IPHONE_IPAD = NO;
				SUPPORTS_XR_DESIGNED_FOR_IPHONE_IPAD = NO;
				SWIFT_EMIT_LOC_STRINGS = YES;
				SWIFT_VERSION = 5.0;
				TARGETED_DEVICE_FAMILY = "1,2";
			};
			name = Debug;
		};
		F54A3B1A2C512CF200BFAAF5 /* Release */ = {
			isa = XCBuildConfiguration;
			buildSettings = {
				ASSETCATALOG_COMPILER_APPICON_NAME = AppIcon;
				ASSETCATALOG_COMPILER_GLOBAL_ACCENT_COLOR_NAME = AccentColor;
				CODE_SIGN_STYLE = Automatic;
				CURRENT_PROJECT_VERSION = 1;
				DEVELOPMENT_TEAM = T89868475G;
				GENERATE_INFOPLIST_FILE = YES;
				INFOPLIST_FILE = EgzersizRehberim/SupportingFiles/Info.plist;
				INFOPLIST_KEY_CFBundleDisplayName = "Egzersiz Rehberim";
				INFOPLIST_KEY_LSApplicationCategoryType = "public.app-category.healthcare-fitness";
				INFOPLIST_KEY_UIApplicationSupportsIndirectInputEvents = YES;
				INFOPLIST_KEY_UILaunchStoryboardName = LaunchScreen;
				INFOPLIST_KEY_UISupportedInterfaceOrientations = UIInterfaceOrientationPortrait;
				INFOPLIST_KEY_UISupportedInterfaceOrientations_iPad = "UIInterfaceOrientationLandscapeLeft UIInterfaceOrientationLandscapeRight UIInterfaceOrientationPortrait UIInterfaceOrientationPortraitUpsideDown";
				LD_RUNPATH_SEARCH_PATHS = (
					"$(inherited)",
					"@executable_path/Frameworks",
				);
				MARKETING_VERSION = 1.0;
				PRODUCT_BUNDLE_IDENTIFIER = com.abdullaharslan.EgzersizRehberim;
				PRODUCT_NAME = "$(TARGET_NAME)";
				SUPPORTED_PLATFORMS = "iphoneos iphonesimulator";
				SUPPORTS_MACCATALYST = NO;
				SUPPORTS_MAC_DESIGNED_FOR_IPHONE_IPAD = NO;
				SUPPORTS_XR_DESIGNED_FOR_IPHONE_IPAD = NO;
				SWIFT_EMIT_LOC_STRINGS = YES;
				SWIFT_VERSION = 5.0;
				TARGETED_DEVICE_FAMILY = "1,2";
			};
			name = Release;
		};
/* End XCBuildConfiguration section */

/* Begin XCConfigurationList section */
		F54A3AFF2C512CF000BFAAF5 /* Build configuration list for PBXProject "EgzersizRehberim" */ = {
			isa = XCConfigurationList;
			buildConfigurations = (
				F54A3B162C512CF200BFAAF5 /* Debug */,
				F54A3B172C512CF200BFAAF5 /* Release */,
			);
			defaultConfigurationIsVisible = 0;
			defaultConfigurationName = Release;
		};
		F54A3B182C512CF200BFAAF5 /* Build configuration list for PBXNativeTarget "EgzersizRehberim" */ = {
			isa = XCConfigurationList;
			buildConfigurations = (
				F54A3B192C512CF200BFAAF5 /* Debug */,
				F54A3B1A2C512CF200BFAAF5 /* Release */,
			);
			defaultConfigurationIsVisible = 0;
			defaultConfigurationName = Release;
		};
/* End XCConfigurationList section */
	};
	rootObject = F54A3AFC2C512CF000BFAAF5 /* Project object */;
}
